
Microsoft Visual Studio Solution File, Format Version 12.00
# Visual Studio Version 17
VisualStudioVersion = 17.7.34202.233
MinimumVisualStudioVersion = 10.0.40219.1
Project("{9A19103F-16F7-4668-BE54-9A1E7A4F7556}") = "P3R.CostumeFramework", "P3R.CostumeFramework\P3R.CostumeFramework.csproj", "{5368C8BE-0D37-4E1B-BECE-9E6D087F8135}"
EndProject
Project("{9A19103F-16F7-4668-BE54-9A1E7A4F7556}") = "BGME.BattleThemes.Interfaces", "submodules\BGME.BattleThemes\BGME.BattleThemes.Interfaces\BGME.BattleThemes.Interfaces.csproj", "{970EED5A-D89C-4194-906D-E1A7234F8DD2}"
EndProject
Project("{9A19103F-16F7-4668-BE54-9A1E7A4F7556}") = "BGME.Framework.Interfaces", "submodules\BGME\BGME.Framework.Interfaces\BGME.Framework.Interfaces.csproj", "{A32C0229-6D49-4B5F-A00B-CD9F251982F6}"
EndProject
Project("{9A19103F-16F7-4668-BE54-9A1E7A4F7556}") = "P3R.CostumeFramework.Interfaces", "P3R.CostumeFramework.Interfaces\P3R.CostumeFramework.Interfaces.csproj", "{F7B2A872-F417-4FC0-BAA5-E85E9D1B0C7F}"
EndProject
Global
	GlobalSection(SolutionConfigurationPlatforms) = preSolution
		Debug|Any CPU = Debug|Any CPU
		Release|Any CPU = Release|Any CPU
	EndGlobalSection
	GlobalSection(ProjectConfigurationPlatforms) = postSolution
		{5368C8BE-0D37-4E1B-BECE-9E6D087F8135}.Debug|Any CPU.ActiveCfg = Debug|Any CPU
		{5368C8BE-0D37-4E1B-BECE-9E6D087F8135}.Debug|Any CPU.Build.0 = Debug|Any CPU
		{5368C8BE-0D37-4E1B-BECE-9E6D087F8135}.Release|Any CPU.ActiveCfg = Release|Any CPU
		{5368C8BE-0D37-4E1B-BECE-9E6D087F8135}.Release|Any CPU.Build.0 = Release|Any CPU
		{970EED5A-D89C-4194-906D-E1A7234F8DD2}.Debug|Any CPU.ActiveCfg = Debug|Any CPU
		{970EED5A-D89C-4194-906D-E1A7234F8DD2}.Debug|Any CPU.Build.0 = Debug|Any CPU
		{970EED5A-D89C-4194-906D-E1A7234F8DD2}.Release|Any CPU.ActiveCfg = Release|Any CPU
		{970EED5A-D89C-4194-906D-E1A7234F8DD2}.Release|Any CPU.Build.0 = Release|Any CPU
		{A32C0229-6D49-4B5F-A00B-CD9F251982F6}.Debug|Any CPU.ActiveCfg = Debug|Any CPU
		{A32C0229-6D49-4B5F-A00B-CD9F251982F6}.Debug|Any CPU.Build.0 = Debug|Any CPU
		{A32C0229-6D49-4B5F-A00B-CD9F251982F6}.Release|Any CPU.ActiveCfg = Release|Any CPU
		{A32C0229-6D49-4B5F-A00B-CD9F251982F6}.Release|Any CPU.Build.0 = Release|Any CPU
		{F7B2A872-F417-4FC0-BAA5-E85E9D1B0C7F}.Debug|Any CPU.ActiveCfg = Debug|Any CPU
		{F7B2A872-F417-4FC0-BAA5-E85E9D1B0C7F}.Debug|Any CPU.Build.0 = Debug|Any CPU
		{F7B2A872-F417-4FC0-BAA5-E85E9D1B0C7F}.Release|Any CPU.ActiveCfg = Release|Any CPU
		{F7B2A872-F417-4FC0-BAA5-E85E9D1B0C7F}.Release|Any CPU.Build.0 = Release|Any CPU
	EndGlobalSection
	GlobalSection(SolutionProperties) = preSolution
		HideSolutionNode = FALSE
	EndGlobalSection
	GlobalSection(ExtensibilityGlobals) = postSolution
		SolutionGuid = {1465CCF4-8122-4CFC-97C4-D4A7FE1B81B1}
	EndGlobalSection
EndGlobal
