
Microsoft Visual Studio Solution File, Format Version 12.00
# Visual Studio Version 17
VisualStudioVersion = 17.7.34202.233
MinimumVisualStudioVersion = 10.0.40219.1
Project("{9A19103F-16F7-4668-BE54-9A1E7A4F7556}") = "SharedScans.Reloaded", "SharedScans.Reloaded\SharedScans.Reloaded.csproj", "{76D1905A-5553-4F75-B6A2-AC273FA5D1F9}"
EndProject
Project("{FAE04EC0-301F-11D3-BF4B-00C04F79EFBC}") = "SharedScans.Interfaces", "SharedScans.Interfaces\SharedScans.Interfaces.csproj", "{CC7E3D98-C03C-45F4-AFEC-C6DB4DD37950}"
EndProject
Project("{9A19103F-16F7-4668-BE54-9A1E7A4F7556}") = "Project.Utils", "submodules\Project.Utils\Project.Utils.csproj", "{A0252E61-36A0-4970-9927-08CE87E9B806}"
EndProject
Global
	GlobalSection(SolutionConfigurationPlatforms) = preSolution
		Debug|Any CPU = Debug|Any CPU
		Release|Any CPU = Release|Any CPU
	EndGlobalSection
	GlobalSection(ProjectConfigurationPlatforms) = postSolution
		{76D1905A-5553-4F75-B6A2-AC273FA5D1F9}.Debug|Any CPU.ActiveCfg = Debug|Any CPU
		{76D1905A-5553-4F75-B6A2-AC273FA5D1F9}.Debug|Any CPU.Build.0 = Debug|Any CPU
		{76D1905A-5553-4F75-B6A2-AC273FA5D1F9}.Release|Any CPU.ActiveCfg = Release|Any CPU
		{76D1905A-5553-4F75-B6A2-AC273FA5D1F9}.Release|Any CPU.Build.0 = Release|Any CPU
		{CC7E3D98-C03C-45F4-AFEC-C6DB4DD37950}.Debug|Any CPU.ActiveCfg = Debug|Any CPU
		{CC7E3D98-C03C-45F4-AFEC-C6DB4DD37950}.Debug|Any CPU.Build.0 = Debug|Any CPU
		{CC7E3D98-C03C-45F4-AFEC-C6DB4DD37950}.Release|Any CPU.ActiveCfg = Release|Any CPU
		{CC7E3D98-C03C-45F4-AFEC-C6DB4DD37950}.Release|Any CPU.Build.0 = Release|Any CPU
		{A0252E61-36A0-4970-9927-08CE87E9B806}.Debug|Any CPU.ActiveCfg = Debug|Any CPU
		{A0252E61-36A0-4970-9927-08CE87E9B806}.Debug|Any CPU.Build.0 = Debug|Any CPU
		{A0252E61-36A0-4970-9927-08CE87E9B806}.Release|Any CPU.ActiveCfg = Release|Any CPU
		{A0252E61-36A0-4970-9927-08CE87E9B806}.Release|Any CPU.Build.0 = Release|Any CPU
	EndGlobalSection
	GlobalSection(SolutionProperties) = preSolution
		HideSolutionNode = FALSE
	EndGlobalSection
	GlobalSection(ExtensibilityGlobals) = postSolution
		SolutionGuid = {718EC757-D540-4255-94A8-6B92DFC3C609}
	EndGlobalSection
EndGlobal
