Microsoft Visual Studio Solution File, Format Version 12.00
# Visual Studio Version 17
VisualStudioVersion = 17.8.34330.188
MinimumVisualStudioVersion = 10.0.40219.1
Project("{9A19103F-16F7-4668-BE54-9A1E7A4F7556}") = "p3rpc.femc", "p3rpc.femc\p3rpc.femc.csproj", "{93BBD2A6-9397-4512-B0BB-E3D0FDE4E926}"
EndProject
Project("{9A19103F-16F7-4668-BE54-9A1E7A4F7556}") = "SharedScans.Interfaces", "include\SharedScans\SharedScans.Interfaces\SharedScans.Interfaces.csproj", "{DCEFC7FE-1F79-4911-B9F8-AF25B5339E76}"
EndProject
Project("{9A19103F-16F7-4668-BE54-9A1E7A4F7556}") = "Unreal.ObjectsEmitter.Interfaces", "include\Unreal.ObjectsEmitter\Unreal.ObjectsEmitter.Interfaces\Unreal.ObjectsEmitter.Interfaces.csproj", "{371FCC74-53DF-4735-B77A-2FC8A6F576CC}"
EndProject
Project("{9A19103F-16F7-4668-BE54-9A1E7A4F7556}") = "BGME.BattleThemes.Interfaces", "include\BGME.BattleThemes\BGME.BattleThemes.Interfaces\BGME.BattleThemes.Interfaces.csproj", "{C2DA1AB4-1827-4814-8CDC-745CB131C9BA}"
EndProject
Project("{9A19103F-16F7-4668-BE54-9A1E7A4F7556}") = "Ryo.Interfaces", "include\Ryo\Ryo.Interfaces\Ryo.Interfaces.csproj", "{C11B0FE7-EAE8-4E07-AB8D-9D8433A035CD}"
EndProject
Project("{9A19103F-16F7-4668-BE54-9A1E7A4F7556}") = "BGME.BattleThemes.Config", "include\BGME.BattleThemes\BGME.BattleThemes.Config\BGME.BattleThemes.Config.csproj", "{12C3F3D6-DDB3-4D6D-A269-5B8F4D00C852}"
EndProject
Global
	GlobalSection(SolutionConfigurationPlatforms) = preSolution
		Debug|Any CPU = Debug|Any CPU
		Release|Any CPU = Release|Any CPU
	EndGlobalSection
	GlobalSection(ProjectConfigurationPlatforms) = postSolution
		{93BBD2A6-9397-4512-B0BB-E3D0FDE4E926}.Debug|Any CPU.ActiveCfg = Debug|Any CPU
		{93BBD2A6-9397-4512-B0BB-E3D0FDE4E926}.Debug|Any CPU.Build.0 = Debug|Any CPU
		{93BBD2A6-9397-4512-B0BB-E3D0FDE4E926}.Release|Any CPU.ActiveCfg = Release|Any CPU
		{93BBD2A6-9397-4512-B0BB-E3D0FDE4E926}.Release|Any CPU.Build.0 = Release|Any CPU
		{DCEFC7FE-1F79-4911-B9F8-AF25B5339E76}.Debug|Any CPU.ActiveCfg = Debug|Any CPU
		{DCEFC7FE-1F79-4911-B9F8-AF25B5339E76}.Debug|Any CPU.Build.0 = Debug|Any CPU
		{DCEFC7FE-1F79-4911-B9F8-AF25B5339E76}.Release|Any CPU.ActiveCfg = Release|Any CPU
		{DCEFC7FE-1F79-4911-B9F8-AF25B5339E76}.Release|Any CPU.Build.0 = Release|Any CPU
		{371FCC74-53DF-4735-B77A-2FC8A6F576CC}.Debug|Any CPU.ActiveCfg = Debug|Any CPU
		{371FCC74-53DF-4735-B77A-2FC8A6F576CC}.Debug|Any CPU.Build.0 = Debug|Any CPU
		{371FCC74-53DF-4735-B77A-2FC8A6F576CC}.Release|Any CPU.ActiveCfg = Release|Any CPU
		{371FCC74-53DF-4735-B77A-2FC8A6F576CC}.Release|Any CPU.Build.0 = Release|Any CPU
		{C2DA1AB4-1827-4814-8CDC-745CB131C9BA}.Debug|Any CPU.ActiveCfg = Debug|Any CPU
		{C2DA1AB4-1827-4814-8CDC-745CB131C9BA}.Debug|Any CPU.Build.0 = Debug|Any CPU
		{C2DA1AB4-1827-4814-8CDC-745CB131C9BA}.Release|Any CPU.ActiveCfg = Release|Any CPU
		{C2DA1AB4-1827-4814-8CDC-745CB131C9BA}.Release|Any CPU.Build.0 = Release|Any CPU
		{C11B0FE7-EAE8-4E07-AB8D-9D8433A035CD}.Debug|Any CPU.ActiveCfg = Debug|Any CPU
		{C11B0FE7-EAE8-4E07-AB8D-9D8433A035CD}.Debug|Any CPU.Build.0 = Debug|Any CPU
		{C11B0FE7-EAE8-4E07-AB8D-9D8433A035CD}.Release|Any CPU.ActiveCfg = Release|Any CPU
		{C11B0FE7-EAE8-4E07-AB8D-9D8433A035CD}.Release|Any CPU.Build.0 = Release|Any CPU
		{12C3F3D6-DDB3-4D6D-A269-5B8F4D00C852}.Debug|Any CPU.ActiveCfg = Debug|Any CPU
		{12C3F3D6-DDB3-4D6D-A269-5B8F4D00C852}.Debug|Any CPU.Build.0 = Debug|Any CPU
		{12C3F3D6-DDB3-4D6D-A269-5B8F4D00C852}.Release|Any CPU.ActiveCfg = Release|Any CPU
		{12C3F3D6-DDB3-4D6D-A269-5B8F4D00C852}.Release|Any CPU.Build.0 = Release|Any CPU
	EndGlobalSection
	GlobalSection(SolutionProperties) = preSolution
		HideSolutionNode = FALSE
	EndGlobalSection
	GlobalSection(ExtensibilityGlobals) = postSolution
		SolutionGuid = {AA60A437-396A-4724-B58C-2C4D42DFD4E1}
	EndGlobalSection
EndGlobal
